
Microsoft Visual Studio Solution File, Format Version 12.00
# Visual Studio Version 16
VisualStudioVersion = 16.0.29926.136
MinimumVisualStudioVersion = 10.0.40219.1
Project("{FAE04EC0-301F-11D3-BF4B-00C04F79EFBC}") = "GovernmentBarrels", "GovernmentBarrels\GovernmentBarrels.csproj", "{23AF3FA4-9D54-4EBC-BCE5-838A3CF7B200}"
EndProject
Global
	GlobalSection(SolutionConfigurationPlatforms) = preSolution
		Debug|Any CPU = Debug|Any CPU
		Release|Any CPU = Release|Any CPU
	EndGlobalSection
	GlobalSection(ProjectConfigurationPlatforms) = postSolution
		{23AF3FA4-9D54-4EBC-BCE5-838A3CF7B200}.Debug|Any CPU.ActiveCfg = Debug|Any CPU
		{23AF3FA4-9D54-4EBC-BCE5-838A3CF7B200}.Debug|Any CPU.Build.0 = Debug|Any CPU
		{23AF3FA4-9D54-4EBC-BCE5-838A3CF7B200}.Release|Any CPU.ActiveCfg = Release|Any CPU
		{23AF3FA4-9D54-4EBC-BCE5-838A3CF7B200}.Release|Any CPU.Build.0 = Release|Any CPU
	EndGlobalSection
	GlobalSection(SolutionProperties) = preSolution
		HideSolutionNode = FALSE
	EndGlobalSection
	GlobalSection(ExtensibilityGlobals) = postSolution
		SolutionGuid = {DB4A02EE-A642-43D4-9507-FD143D81E82D}
	EndGlobalSection
EndGlobal
